# This file is automatically @generated by Cargo.
# It is not intended for manual editing.
version = 4

[[package]]
name = "amenable"
version = "0.1.0"
dependencies = [
 "amenable_core",
 "amenable_std",
]

[[package]]
name = "amenable_core"
version = "0.1.0"

[[package]]
name = "amenable_creusot"
version = "0.1.0"
dependencies = [
 "amenable_core",
]

[[package]]
name = "amenable_kani"
version = "0.1.0"
dependencies = [
 "amenable_core",
]

[[package]]
name = "amenable_std"
version = "0.1.0"

[[package]]
name = "amenable_verus"
version = "0.1.0"
dependencies = [
 "amenable_core",
]
